
Microsoft Visual Studio Solution File, Format Version 12.00
# Visual Studio Version 16
VisualStudioVersion = 16.0.30804.86
MinimumVisualStudioVersion = 10.0.40219.1
Project("{FAE04EC0-301F-11D3-BF4B-00C04F79EFBC}") = "Mono", "Mono\Mono.csproj", "{33096777-5810-4C5C-852C-D027F436243A}"
EndProject
Global
	GlobalSection(SolutionConfigurationPlatforms) = preSolution
		Debug|Any CPU = Debug|Any CPU
		Release|Any CPU = Release|Any CPU
	EndGlobalSection
	GlobalSection(ProjectConfigurationPlatforms) = postSolution
		{33096777-5810-4C5C-852C-D027F436243A}.Debug|Any CPU.ActiveCfg = Debug|Any CPU
		{33096777-5810-4C5C-852C-D027F436243A}.Debug|Any CPU.Build.0 = Debug|Any CPU
		{33096777-5810-4C5C-852C-D027F436243A}.Release|Any CPU.ActiveCfg = Release|Any CPU
		{33096777-5810-4C5C-852C-D027F436243A}.Release|Any CPU.Build.0 = Release|Any CPU
	EndGlobalSection
	GlobalSection(SolutionProperties) = preSolution
		HideSolutionNode = FALSE
	EndGlobalSection
	GlobalSection(ExtensibilityGlobals) = postSolution
		SolutionGuid = {4255FD7B-7286-44F8-A711-7F3CA8D6821D}
	EndGlobalSection
EndGlobal
